
Microsoft Visual Studio Solution File, Format Version 12.00
# Visual Studio Version 17
VisualStudioVersion = 17.9.34714.143
MinimumVisualStudioVersion = 10.0.40219.1
Project("{FAE04EC0-301F-11D3-BF4B-00C04F79EFBC}") = "My Calculetor", "My Calculetor\My Calculetor.csproj", "{014C65AE-A0E6-4BDE-8245-C36C4FF87DB7}"
EndProject
Global
	GlobalSection(SolutionConfigurationPlatforms) = preSolution
		Debug|Any CPU = Debug|Any CPU
		Release|Any CPU = Release|Any CPU
	EndGlobalSection
	GlobalSection(ProjectConfigurationPlatforms) = postSolution
		{014C65AE-A0E6-4BDE-8245-C36C4FF87DB7}.Debug|Any CPU.ActiveCfg = Debug|Any CPU
		{014C65AE-A0E6-4BDE-8245-C36C4FF87DB7}.Debug|Any CPU.Build.0 = Debug|Any CPU
		{014C65AE-A0E6-4BDE-8245-C36C4FF87DB7}.Release|Any CPU.ActiveCfg = Release|Any CPU
		{014C65AE-A0E6-4BDE-8245-C36C4FF87DB7}.Release|Any CPU.Build.0 = Release|Any CPU
	EndGlobalSection
	GlobalSection(SolutionProperties) = preSolution
		HideSolutionNode = FALSE
	EndGlobalSection
	GlobalSection(ExtensibilityGlobals) = postSolution
		SolutionGuid = {9AFDE6AA-D07A-4B40-90BE-F2A37F6134F1}
	EndGlobalSection
EndGlobal
